
Microsoft Visual Studio Solution File, Format Version 12.00
# Visual Studio Version 16
VisualStudioVersion = 16.0.31911.196
MinimumVisualStudioVersion = 10.0.40219.1
Project("{FAE04EC0-301F-11D3-BF4B-00C04F79EFBC}") = "Shopping", "Shopping\Shopping.csproj", "{A81858ED-C400-4710-9E72-DD959FC35A98}"
EndProject
Global
	GlobalSection(SolutionConfigurationPlatforms) = preSolution
		Debug|Any CPU = Debug|Any CPU
		Release|Any CPU = Release|Any CPU
	EndGlobalSection
	GlobalSection(ProjectConfigurationPlatforms) = postSolution
		{A81858ED-C400-4710-9E72-DD959FC35A98}.Debug|Any CPU.ActiveCfg = Debug|Any CPU
		{A81858ED-C400-4710-9E72-DD959FC35A98}.Debug|Any CPU.Build.0 = Debug|Any CPU
		{A81858ED-C400-4710-9E72-DD959FC35A98}.Release|Any CPU.ActiveCfg = Release|Any CPU
		{A81858ED-C400-4710-9E72-DD959FC35A98}.Release|Any CPU.Build.0 = Release|Any CPU
	EndGlobalSection
	GlobalSection(SolutionProperties) = preSolution
		HideSolutionNode = FALSE
	EndGlobalSection
	GlobalSection(ExtensibilityGlobals) = postSolution
		SolutionGuid = {88A8495E-DFF4-43C2-850E-97417DBB27A7}
	EndGlobalSection
EndGlobal
